<?xml version="1.0" encoding="utf-8"?>
<Project ToolsVersion="4.0" xmlns="http://schemas.microsoft.com/developer/msbuild/2003">
  <ItemGroup>
    <Filter Include="src">
      <UniqueIdentifier>{38ce3814-666d-47e6-aa6c-23e83e381247}</UniqueIdentifier>
    </Filter>
    <Filter Include="Test">
      <UniqueIdentifier>{0aea2f72-a713-48ca-af27-704fec902c58}</UniqueIdentifier>
    </Filter>
  </ItemGroup>
  <ItemGroup>
    <ClCompile Include="Test\main.cpp">
      <Filter>src</Filter>
    </ClCompile>
    <ClCompile Include="Test\AddNodeRoot_Check.cpp">
      <Filter>Test</Filter>
    </ClCompile>
    <ClCompile Include="Test\AddNodeRootA_Check.cpp">
      <Filter>Test</Filter>
    </ClCompile>
    <ClCompile Include="Test\AddNodeRootAB_Check.cpp">
      <Filter>Test</Filter>
    </ClCompile>
    <ClCompile Include="Test\AddNodeRootABC_Check.cpp">
      <Filter>Test</Filter>
    </ClCompile>
    <ClCompile Include="Test\AddNodeRootABCDEI_Check.cpp">
      <Filter>Test</Filter>
    </ClCompile>
    <ClCompile Include="Test\AddNodeRootABCDEIKL_Check.cpp">
      <Filter>Test</Filter>
    </ClCompile>
    <ClCompile Include="Test\AddNodeRootABCDEIKLR_Check.cpp">
      <Filter>Test</Filter>
    </ClCompile>
    <ClCompile Include="Test\AddNodeRootABCDEIKLRF_Check.cpp">
      <Filter>Test</Filter>
    </ClCompile>
    <ClCompile Include="Test\AddNodeRootABCDEIKLRFGJ_Check.cpp">
      <Filter>Test</Filter>
    </ClCompile>
    <ClCompile Include="Test\AddNodeRootABCDEIKLRFGJMN_Check.cpp">
      <Filter>Test</Filter>
    </ClCompile>
    <ClCompile Include="Test\AddNodeRootABCDEIKLRFGJMNOPQ_Check.cpp">
      <Filter>Test</Filter>
    </ClCompile>
    <ClCompile Include="Test\AddNodeRootABCDEIKLRFGJMNOPQH_Check.cpp">
      <Filter>Test</Filter>
    </ClCompile>
    <ClCompile Include="Test\AddNodeRootABCDEIKLRFGJMNOPQHS_Check.cpp">
      <Filter>Test</Filter>
    </ClCompile>
    <ClCompile Include="Test\AddNodeRootABCDEIKLRFGJMNOPQHSTUVW_Check.cpp">
      <Filter>Test</Filter>
    </ClCompile>
    <ClCompile Include="Test\AddNodeRootAD_Check.cpp">
      <Filter>Test</Filter>
    </ClCompile>
    <ClCompile Include="Test\AddNodeRootADF_Check.cpp">
      <Filter>Test</Filter>
    </ClCompile>
    <ClCompile Include="Test\AddNodeRootADFH_Check.cpp">
      <Filter>Test</Filter>
    </ClCompile>
    <ClCompile Include="Test\AssignOperator_Check.cpp">
      <Filter>Test</Filter>
    </ClCompile>
    <ClCompile Include="Test\CopyConstructor_Check.cpp">
      <Filter>Test</Filter>
    </ClCompile>
    <ClCompile Include="Test\CopyConstructor2_Check.cpp">
      <Filter>Test</Filter>
    </ClCompile>
    <ClCompile Include="Test\CopyConstructor3_Check.cpp">
      <Filter>Test</Filter>
    </ClCompile>
    <ClCompile Include="Test\DefaultConstructor_Check.cpp">
      <Filter>Test</Filter>
    </ClCompile>
    <ClCompile Include="Test\Destructor_Check.cpp">
      <Filter>Test</Filter>
    </ClCompile>
    <ClCompile Include="Test\FullTree_CheckLevels_C_children_Check.cpp">
      <Filter>Test</Filter>
    </ClCompile>
    <ClCompile Include="Test\FullTree_CheckLevels_C_children_Remove_C_Check.cpp">
      <Filter>Test</Filter>
    </ClCompile>
    <ClCompile Include="Test\FullTree_CheckLevels_C_Children_Remove_OPQ_Check.cpp">
      <Filter>Test</Filter>
    </ClCompile>
    <ClCompile Include="Test\FullTree_CheckLevels_C_Children_Remove_R_Check.cpp">
      <Filter>Test</Filter>
    </ClCompile>
    <ClCompile Include="Test\FullTree_CheckLevels_C_Children_Remove_Root_Check.cpp">
      <Filter>Test</Filter>
    </ClCompile>
    <ClCompile Include="Test\FullTree_CheckLevels_C_children_remove_S_Check.cpp">
      <Filter>Test</Filter>
    </ClCompile>
    <ClCompile Include="Test\FullTree_CheckLevels_C_children_remove_TUVW_Check.cpp">
      <Filter>Test</Filter>
    </ClCompile>
    <ClCompile Include="Test\FullTree_PrintTree_Check.cpp">
      <Filter>Test</Filter>
    </ClCompile>
    <ClCompile Include="Test\FullTree_RemoveA_Check.cpp">
      <Filter>Test</Filter>
    </ClCompile>
    <ClCompile Include="Test\FullTree_RemoveB_Check.cpp">
      <Filter>Test</Filter>
    </ClCompile>
    <ClCompile Include="Test\FullTree_RemoveC_Check.cpp">
      <Filter>Test</Filter>
    </ClCompile>
    <ClCompile Include="Test\FullTree_RemoveD_Check.cpp">
      <Filter>Test</Filter>
    </ClCompile>
    <ClCompile Include="Test\FullTree_RemoveE_Check.cpp">
      <Filter>Test</Filter>
    </ClCompile>
    <ClCompile Include="Test\FullTree_RemoveF_Check.cpp">
      <Filter>Test</Filter>
    </ClCompile>
    <ClCompile Include="Test\FullTree_RemoveG_Check.cpp">
      <Filter>Test</Filter>
    </ClCompile>
    <ClCompile Include="Test\FullTree_RemoveH_Check.cpp">
      <Filter>Test</Filter>
    </ClCompile>
    <ClCompile Include="Test\FullTree_RemoveI_Check.cpp">
      <Filter>Test</Filter>
    </ClCompile>
    <ClCompile Include="Test\FullTree_RemoveJ_Check.cpp">
      <Filter>Test</Filter>
    </ClCompile>
    <ClCompile Include="Test\FullTree_RemoveK_Check.cpp">
      <Filter>Test</Filter>
    </ClCompile>
    <ClCompile Include="Test\FullTree_RemoveL_Check.cpp">
      <Filter>Test</Filter>
    </ClCompile>
    <ClCompile Include="Test\FullTree_RemoveM_Check.cpp">
      <Filter>Test</Filter>
    </ClCompile>
    <ClCompile Include="Test\FullTree_RemoveN_Check.cpp">
      <Filter>Test</Filter>
    </ClCompile>
    <ClCompile Include="Test\FullTree_RemoveO_Check.cpp">
      <Filter>Test</Filter>
    </ClCompile>
    <ClCompile Include="Test\FullTree_RemoveP_Check.cpp">
      <Filter>Test</Filter>
    </ClCompile>
    <ClCompile Include="Test\FullTree_RemoveQ_Check.cpp">
      <Filter>Test</Filter>
    </ClCompile>
    <ClCompile Include="Test\FullTree_RemoveR_Check.cpp">
      <Filter>Test</Filter>
    </ClCompile>
    <ClCompile Include="Test\FullTree_RemoveRoot_Check.cpp">
      <Filter>Test</Filter>
    </ClCompile>
    <ClCompile Include="Test\FullTree_RemoveS_Check.cpp">
      <Filter>Test</Filter>
    </ClCompile>
    <ClCompile Include="Test\FullTree_RemoveT_Check.cpp">
      <Filter>Test</Filter>
    </ClCompile>
    <ClCompile Include="Test\FullTree_RemoveU_Check.cpp">
      <Filter>Test</Filter>
    </ClCompile>
    <ClCompile Include="Test\FullTree_RemoveV_Check.cpp">
      <Filter>Test</Filter>
    </ClCompile>
    <ClCompile Include="Test\FullTree_RemoveW_Check.cpp">
      <Filter>Test</Filter>
    </ClCompile>
    <ClCompile Include="Test\FullTreeGetNumChildren_Check.cpp">
      <Filter>Test</Filter>
    </ClCompile>
    <ClCompile Include="Test\FullTreeGetNumSiblings_Check.cpp">
      <Filter>Test</Filter>
    </ClCompile>
    <ClCompile Include="Test\FullTreePrintChildren_Check.cpp">
      <Filter>Test</Filter>
    </ClCompile>
    <ClCompile Include="Test\FullTreePrintSiblings_Check.cpp">
      <Filter>Test</Filter>
    </ClCompile>
    <ClCompile Include="Test\GetChild_Check.cpp">
      <Filter>Test</Filter>
    </ClCompile>
    <ClCompile Include="Test\GetNameNormal_Check.cpp">
      <Filter>Test</Filter>
    </ClCompile>
    <ClCompile Include="Test\GetNameNormalNull_Check.cpp">
      <Filter>Test</Filter>
    </ClCompile>
    <ClCompile Include="Test\GetNameTooBig_Check.cpp">
      <Filter>Test</Filter>
    </ClCompile>
    <ClCompile Include="Test\GetNameTooSmall_Check.cpp">
      <Filter>Test</Filter>
    </ClCompile>
    <ClCompile Include="Test\GetNextSibling_Check.cpp">
      <Filter>Test</Filter>
    </ClCompile>
    <ClCompile Include="Test\GetParent_Check.cpp">
      <Filter>Test</Filter>
    </ClCompile>
    <ClCompile Include="Test\GetPrevSibling_Check.cpp">
      <Filter>Test</Filter>
    </ClCompile>
    <ClCompile Include="Test\Print_Check.cpp">
      <Filter>Test</Filter>
    </ClCompile>
    <ClCompile Include="Test\PrintNodeWith0Links_Check.cpp">
      <Filter>Test</Filter>
    </ClCompile>
    <ClCompile Include="Test\SetChild_Check.cpp">
      <Filter>Test</Filter>
    </ClCompile>
    <ClCompile Include="Test\SetNameNormal_Check.cpp">
      <Filter>Test</Filter>
    </ClCompile>
    <ClCompile Include="Test\SetNameNormalNull_Check.cpp">
      <Filter>Test</Filter>
    </ClCompile>
    <ClCompile Include="Test\SetNameTooBig_Check.cpp">
      <Filter>Test</Filter>
    </ClCompile>
    <ClCompile Include="Test\SetNextSibling_Check.cpp">
      <Filter>Test</Filter>
    </ClCompile>
    <ClCompile Include="Test\SetParent_Check.cpp">
      <Filter>Test</Filter>
    </ClCompile>
    <ClCompile Include="Test\SetPrevSibling_Check.cpp">
      <Filter>Test</Filter>
    </ClCompile>
    <ClCompile Include="Test\SpecializeConstructor_Check.cpp">
      <Filter>Test</Filter>
    </ClCompile>
    <ClCompile Include="Test\SpecializeConstructorName_Check.cpp">
      <Filter>Test</Filter>
    </ClCompile>
    <ClCompile Include="Test\TreeConstructor_Check.cpp">
      <Filter>Test</Filter>
    </ClCompile>
    <ClCompile Include="Test\Version_Check.cpp">
      <Filter>Test</Filter>
    </ClCompile>
  </ItemGroup>
  <ItemGroup>
    <ClInclude Include="Test\_UnitTestConfiguration.h">
      <Filter>src</Filter>
    </ClInclude>
  </ItemGroup>
</Project>