<?xml version="1.0" encoding="utf-8"?>
<Project ToolsVersion="4.0" xmlns="http://schemas.microsoft.com/developer/msbuild/2003">
  <ItemGroup>
    <Filter Include="src">
      <UniqueIdentifier>{38ce3814-666d-47e6-aa6c-23e83e381247}</UniqueIdentifier>
    </Filter>
    <Filter Include="Test">
      <UniqueIdentifier>{0aea2f72-a713-48ca-af27-704fec902c58}</UniqueIdentifier>
    </Filter>
    <Filter Include="Test\Math_Core">
      <UniqueIdentifier>{852f3aa7-f288-4c11-8371-92c4e3299d2a}</UniqueIdentifier>
    </Filter>
    <Filter Include="Test\Math_Core\Combo">
      <UniqueIdentifier>{0ea21a1f-0003-409a-bfc6-8059d3df5248}</UniqueIdentifier>
    </Filter>
    <Filter Include="Test\Math_Core\Mat3">
      <UniqueIdentifier>{354e952e-2f49-422e-be60-70c8d44154e1}</UniqueIdentifier>
    </Filter>
    <Filter Include="Test\Math_Core\Mat4">
      <UniqueIdentifier>{b07c6cab-c282-4c59-8c1b-ab38fb9344d6}</UniqueIdentifier>
    </Filter>
    <Filter Include="Test\Math_Core\Rot">
      <UniqueIdentifier>{6b7a3b24-d309-465f-98b6-68b2a12ef156}</UniqueIdentifier>
    </Filter>
    <Filter Include="Test\Math_Core\Scale">
      <UniqueIdentifier>{79c1f40f-cf7a-4ba0-a199-e4df7afbc6b1}</UniqueIdentifier>
    </Filter>
    <Filter Include="Test\Math_Core\Trans">
      <UniqueIdentifier>{58607944-fa70-4092-870e-bec958710298}</UniqueIdentifier>
    </Filter>
    <Filter Include="Test\Math_Core\Trig">
      <UniqueIdentifier>{a12b1693-e41f-4433-a4e0-598b6757b03f}</UniqueIdentifier>
    </Filter>
    <Filter Include="Test\Math_Core\Vec3">
      <UniqueIdentifier>{03dc21ef-b906-49a8-bbe9-81227fe6d9ec}</UniqueIdentifier>
    </Filter>
    <Filter Include="Test\Math_Core\Vec4">
      <UniqueIdentifier>{e3756e9e-9188-4a39-b7b2-a954b291c80e}</UniqueIdentifier>
    </Filter>
    <Filter Include="Test\Math_App">
      <UniqueIdentifier>{0a0fdba6-7cac-4086-b108-bcfa23b69d7c}</UniqueIdentifier>
    </Filter>
  </ItemGroup>
  <ItemGroup>
    <ClInclude Include="Test\_UnitTestConfiguration.h">
      <Filter>src</Filter>
    </ClInclude>
    <ClInclude Include="Test\Mat4Test.h">
      <Filter>src</Filter>
    </ClInclude>
  </ItemGroup>
  <ItemGroup>
    <ClCompile Include="Test\main.cpp">
      <Filter>src</Filter>
    </ClCompile>
    <ClCompile Include="Test\Vect3App_Group.cpp">
      <Filter>Test</Filter>
    </ClCompile>
    <ClCompile Include="Test\Combo_Junkfood.cpp">
      <Filter>Test\Math_Core\Combo</Filter>
    </ClCompile>
    <ClCompile Include="Test\Combo_VectCrossAddSub.cpp">
      <Filter>Test\Math_Core\Combo</Filter>
    </ClCompile>
    <ClCompile Include="Test\Combo_VectCrossAddSubMatrixMult.cpp">
      <Filter>Test\Math_Core\Combo</Filter>
    </ClCompile>
    <ClCompile Include="Test\Combo_VectCrossAddSubMatrixMultCross.cpp">
      <Filter>Test\Math_Core\Combo</Filter>
    </ClCompile>
    <ClCompile Include="Test\Combo_VectCrossCrossNorm.cpp">
      <Filter>Test\Math_Core\Combo</Filter>
    </ClCompile>
    <ClCompile Include="Test\Combo_VectLine.cpp">
      <Filter>Test\Math_Core\Combo</Filter>
    </ClCompile>
    <ClCompile Include="Test\Mat3_Accessor_Get.cpp">
      <Filter>Test\Math_Core\Mat3</Filter>
    </ClCompile>
    <ClCompile Include="Test\Mat3_Accessor_Get_Const.cpp">
      <Filter>Test\Math_Core\Mat3</Filter>
    </ClCompile>
    <ClCompile Include="Test\Mat3_Accessor_Set.cpp">
      <Filter>Test\Math_Core\Mat3</Filter>
    </ClCompile>
    <ClCompile Include="Test\Mat3_Add_Mat3.cpp">
      <Filter>Test\Math_Core\Mat3</Filter>
    </ClCompile>
    <ClCompile Include="Test\Mat3_AddEqual_Mat3.cpp">
      <Filter>Test\Math_Core\Mat3</Filter>
    </ClCompile>
    <ClCompile Include="Test\Mat3_AssignmentOperator.cpp">
      <Filter>Test\Math_Core\Mat3</Filter>
    </ClCompile>
    <ClCompile Include="Test\Mat3_Bracket_Get.cpp">
      <Filter>Test\Math_Core\Mat3</Filter>
    </ClCompile>
    <ClCompile Include="Test\Mat3_Bracket_Get_Const.cpp">
      <Filter>Test\Math_Core\Mat3</Filter>
    </ClCompile>
    <ClCompile Include="Test\Mat3_Bracket_Set.cpp">
      <Filter>Test\Math_Core\Mat3</Filter>
    </ClCompile>
    <ClCompile Include="Test\Mat3_Copy_Constructor.cpp">
      <Filter>Test\Math_Core\Mat3</Filter>
    </ClCompile>
    <ClCompile Include="Test\Mat3_Default_Constructor.cpp">
      <Filter>Test\Math_Core\Mat3</Filter>
    </ClCompile>
    <ClCompile Include="Test\Mat3_Destructor_Constuctor.cpp">
      <Filter>Test\Math_Core\Mat3</Filter>
    </ClCompile>
    <ClCompile Include="Test\Mat3_Det.cpp">
      <Filter>Test\Math_Core\Mat3</Filter>
    </ClCompile>
    <ClCompile Include="Test\Mat3_GET_ROW_0.cpp">
      <Filter>Test\Math_Core\Mat3</Filter>
    </ClCompile>
    <ClCompile Include="Test\Mat3_GET_ROW_1.cpp">
      <Filter>Test\Math_Core\Mat3</Filter>
    </ClCompile>
    <ClCompile Include="Test\Mat3_GET_ROW_2.cpp">
      <Filter>Test\Math_Core\Mat3</Filter>
    </ClCompile>
    <ClCompile Include="Test\Mat3_GetInverse.cpp">
      <Filter>Test\Math_Core\Mat3</Filter>
    </ClCompile>
    <ClCompile Include="Test\Mat3_GetTranspose.cpp">
      <Filter>Test\Math_Core\Mat3</Filter>
    </ClCompile>
    <ClCompile Include="Test\Mat3_Inverse.cpp">
      <Filter>Test\Math_Core\Mat3</Filter>
    </ClCompile>
    <ClCompile Include="Test\Mat3_isEqual_false.cpp">
      <Filter>Test\Math_Core\Mat3</Filter>
    </ClCompile>
    <ClCompile Include="Test\Mat3_Mult_Mat3.cpp">
      <Filter>Test\Math_Core\Mat3</Filter>
    </ClCompile>
    <ClCompile Include="Test\Mat3_Mult_Scale.cpp">
      <Filter>Test\Math_Core\Mat3</Filter>
    </ClCompile>
    <ClCompile Include="Test\Mat3_MultEqual_Mat3.cpp">
      <Filter>Test\Math_Core\Mat3</Filter>
    </ClCompile>
    <ClCompile Include="Test\Mat3_Scale_Equals.cpp">
      <Filter>Test\Math_Core\Mat3</Filter>
    </ClCompile>
    <ClCompile Include="Test\Mat3_Scale_Mat3.cpp">
      <Filter>Test\Math_Core\Mat3</Filter>
    </ClCompile>
    <ClCompile Include="Test\Mat3_SET_Identity.cpp">
      <Filter>Test\Math_Core\Mat3</Filter>
    </ClCompile>
    <ClCompile Include="Test\Mat3_SET_ROW_0.cpp">
      <Filter>Test\Math_Core\Mat3</Filter>
    </ClCompile>
    <ClCompile Include="Test\Mat3_SET_ROW_1.cpp">
      <Filter>Test\Math_Core\Mat3</Filter>
    </ClCompile>
    <ClCompile Include="Test\Mat3_SET_ROW_2.cpp">
      <Filter>Test\Math_Core\Mat3</Filter>
    </ClCompile>
    <ClCompile Include="Test\Mat3_SET_Vectors.cpp">
      <Filter>Test\Math_Core\Mat3</Filter>
    </ClCompile>
    <ClCompile Include="Test\Mat3_Special_isEqual_false2.cpp">
      <Filter>Test\Math_Core\Mat3</Filter>
    </ClCompile>
    <ClCompile Include="Test\Mat3_Special_isEqual_true.cpp">
      <Filter>Test\Math_Core\Mat3</Filter>
    </ClCompile>
    <ClCompile Include="Test\Mat3_Special_isIdentity_false.cpp">
      <Filter>Test\Math_Core\Mat3</Filter>
    </ClCompile>
    <ClCompile Include="Test\Mat3_Special_isIdentity_true.cpp">
      <Filter>Test\Math_Core\Mat3</Filter>
    </ClCompile>
    <ClCompile Include="Test\Mat3_Special_Matrix_Identity.cpp">
      <Filter>Test\Math_Core\Mat3</Filter>
    </ClCompile>
    <ClCompile Include="Test\Mat3_Special_Matrix_Zero.cpp">
      <Filter>Test\Math_Core\Mat3</Filter>
    </ClCompile>
    <ClCompile Include="Test\Mat3_Sub_Mat3.cpp">
      <Filter>Test\Math_Core\Mat3</Filter>
    </ClCompile>
    <ClCompile Include="Test\Mat3_SubEqual_Mat3.cpp">
      <Filter>Test\Math_Core\Mat3</Filter>
    </ClCompile>
    <ClCompile Include="Test\Mat3_Transpose.cpp">
      <Filter>Test\Math_Core\Mat3</Filter>
    </ClCompile>
    <ClCompile Include="Test\Mat3_Unary_equal_Minus.cpp">
      <Filter>Test\Math_Core\Mat3</Filter>
    </ClCompile>
    <ClCompile Include="Test\Mat3_Unary_equal_Plus.cpp">
      <Filter>Test\Math_Core\Mat3</Filter>
    </ClCompile>
    <ClCompile Include="Test\Mat3_UnaryMinus.cpp">
      <Filter>Test\Math_Core\Mat3</Filter>
    </ClCompile>
    <ClCompile Include="Test\Mat3_UnaryPlus.cpp">
      <Filter>Test\Math_Core\Mat3</Filter>
    </ClCompile>
    <ClCompile Include="Test\Mat3_Vector_Constructor.cpp">
      <Filter>Test\Math_Core\Mat3</Filter>
    </ClCompile>
    <ClCompile Include="Test\Mat4_Accessor_Get.cpp">
      <Filter>Test\Math_Core\Mat4</Filter>
    </ClCompile>
    <ClCompile Include="Test\Mat4_Accessor_Get_Const.cpp">
      <Filter>Test\Math_Core\Mat4</Filter>
    </ClCompile>
    <ClCompile Include="Test\Mat4_Accessor_Set.cpp">
      <Filter>Test\Math_Core\Mat4</Filter>
    </ClCompile>
    <ClCompile Include="Test\Mat4_Add_Mat4.cpp">
      <Filter>Test\Math_Core\Mat4</Filter>
    </ClCompile>
    <ClCompile Include="Test\Mat4_AddEqual_Mat4.cpp">
      <Filter>Test\Math_Core\Mat4</Filter>
    </ClCompile>
    <ClCompile Include="Test\Mat4_AssignmentOperator.cpp">
      <Filter>Test\Math_Core\Mat4</Filter>
    </ClCompile>
    <ClCompile Include="Test\Mat4_Bracket_Get.cpp">
      <Filter>Test\Math_Core\Mat4</Filter>
    </ClCompile>
    <ClCompile Include="Test\Mat4_Bracket_Get_Const.cpp">
      <Filter>Test\Math_Core\Mat4</Filter>
    </ClCompile>
    <ClCompile Include="Test\Mat4_Bracket_Set.cpp">
      <Filter>Test\Math_Core\Mat4</Filter>
    </ClCompile>
    <ClCompile Include="Test\Mat4_Copy_Constructor.cpp">
      <Filter>Test\Math_Core\Mat4</Filter>
    </ClCompile>
    <ClCompile Include="Test\Mat4_Default_Constructor.cpp">
      <Filter>Test\Math_Core\Mat4</Filter>
    </ClCompile>
    <ClCompile Include="Test\Mat4_Destructor_Constuctor.cpp">
      <Filter>Test\Math_Core\Mat4</Filter>
    </ClCompile>
    <ClCompile Include="Test\Mat4_Det.cpp">
      <Filter>Test\Math_Core\Mat4</Filter>
    </ClCompile>
    <ClCompile Include="Test\Mat4_GET_ROW_0.cpp">
      <Filter>Test\Math_Core\Mat4</Filter>
    </ClCompile>
    <ClCompile Include="Test\Mat4_GET_ROW_1.cpp">
      <Filter>Test\Math_Core\Mat4</Filter>
    </ClCompile>
    <ClCompile Include="Test\Mat4_GET_ROW_2.cpp">
      <Filter>Test\Math_Core\Mat4</Filter>
    </ClCompile>
    <ClCompile Include="Test\Mat4_GET_ROW_3.cpp">
      <Filter>Test\Math_Core\Mat4</Filter>
    </ClCompile>
    <ClCompile Include="Test\Mat4_GetInverse.cpp">
      <Filter>Test\Math_Core\Mat4</Filter>
    </ClCompile>
    <ClCompile Include="Test\Mat4_GetTranspose.cpp">
      <Filter>Test\Math_Core\Mat4</Filter>
    </ClCompile>
    <ClCompile Include="Test\Mat4_Inverse.cpp">
      <Filter>Test\Math_Core\Mat4</Filter>
    </ClCompile>
    <ClCompile Include="Test\Mat4_isEqual_false.cpp">
      <Filter>Test\Math_Core\Mat4</Filter>
    </ClCompile>
    <ClCompile Include="Test\Mat4_Mult_Mat4.cpp">
      <Filter>Test\Math_Core\Mat4</Filter>
    </ClCompile>
    <ClCompile Include="Test\Mat4_Mult_Scale.cpp">
      <Filter>Test\Math_Core\Mat4</Filter>
    </ClCompile>
    <ClCompile Include="Test\Mat4_MultEqual_Mat4.cpp">
      <Filter>Test\Math_Core\Mat4</Filter>
    </ClCompile>
    <ClCompile Include="Test\Mat4_Scale_Equals.cpp">
      <Filter>Test\Math_Core\Mat4</Filter>
    </ClCompile>
    <ClCompile Include="Test\Mat4_Scale_Mat4.cpp">
      <Filter>Test\Math_Core\Mat4</Filter>
    </ClCompile>
    <ClCompile Include="Test\Mat4_SET_Identity.cpp">
      <Filter>Test\Math_Core\Mat4</Filter>
    </ClCompile>
    <ClCompile Include="Test\Mat4_SET_ROW_0.cpp">
      <Filter>Test\Math_Core\Mat4</Filter>
    </ClCompile>
    <ClCompile Include="Test\Mat4_SET_ROW_1.cpp">
      <Filter>Test\Math_Core\Mat4</Filter>
    </ClCompile>
    <ClCompile Include="Test\Mat4_SET_ROW_2.cpp">
      <Filter>Test\Math_Core\Mat4</Filter>
    </ClCompile>
    <ClCompile Include="Test\Mat4_SET_ROW_3.cpp">
      <Filter>Test\Math_Core\Mat4</Filter>
    </ClCompile>
    <ClCompile Include="Test\Mat4_SET_Vectors.cpp">
      <Filter>Test\Math_Core\Mat4</Filter>
    </ClCompile>
    <ClCompile Include="Test\Mat4_Special_isEqual_false2.cpp">
      <Filter>Test\Math_Core\Mat4</Filter>
    </ClCompile>
    <ClCompile Include="Test\Mat4_Special_isEqual_true.cpp">
      <Filter>Test\Math_Core\Mat4</Filter>
    </ClCompile>
    <ClCompile Include="Test\Mat4_Special_isIdentity_false.cpp">
      <Filter>Test\Math_Core\Mat4</Filter>
    </ClCompile>
    <ClCompile Include="Test\Mat4_Special_isIdentity_true.cpp">
      <Filter>Test\Math_Core\Mat4</Filter>
    </ClCompile>
    <ClCompile Include="Test\Mat4_Special_Matrix_Identity.cpp">
      <Filter>Test\Math_Core\Mat4</Filter>
    </ClCompile>
    <ClCompile Include="Test\Mat4_Special_Matrix_Zero.cpp">
      <Filter>Test\Math_Core\Mat4</Filter>
    </ClCompile>
    <ClCompile Include="Test\Mat4_Sub_Mat4.cpp">
      <Filter>Test\Math_Core\Mat4</Filter>
    </ClCompile>
    <ClCompile Include="Test\Mat4_SubEqual_Mat4.cpp">
      <Filter>Test\Math_Core\Mat4</Filter>
    </ClCompile>
    <ClCompile Include="Test\Mat4_Transpose.cpp">
      <Filter>Test\Math_Core\Mat4</Filter>
    </ClCompile>
    <ClCompile Include="Test\Mat4_Unary_equal_Minus.cpp">
      <Filter>Test\Math_Core\Mat4</Filter>
    </ClCompile>
    <ClCompile Include="Test\Mat4_Unary_equal_Plus.cpp">
      <Filter>Test\Math_Core\Mat4</Filter>
    </ClCompile>
    <ClCompile Include="Test\Mat4_UnaryMinus.cpp">
      <Filter>Test\Math_Core\Mat4</Filter>
    </ClCompile>
    <ClCompile Include="Test\Mat4_UnaryPlus.cpp">
      <Filter>Test\Math_Core\Mat4</Filter>
    </ClCompile>
    <ClCompile Include="Test\Mat4_Vector_Constructor.cpp">
      <Filter>Test\Math_Core\Mat4</Filter>
    </ClCompile>
    <ClCompile Include="Test\Rot_AxisAngle.cpp">
      <Filter>Test\Math_Core\Rot</Filter>
    </ClCompile>
    <ClCompile Include="Test\Rot_Assignment_Rot.cpp">
      <Filter>Test\Math_Core\Rot</Filter>
    </ClCompile>
    <ClCompile Include="Test\Rot_ZYX_Set.cpp">
      <Filter>Test\Math_Core\Rot</Filter>
    </ClCompile>
    <ClCompile Include="Test\Rot_InverseOrient.cpp">
      <Filter>Test\Math_Core\Rot</Filter>
    </ClCompile>
    <ClCompile Include="Test\Rot_Orient.cpp">
      <Filter>Test\Math_Core\Rot</Filter>
    </ClCompile>
    <ClCompile Include="Test\Rot_RotAxisAngle.cpp">
      <Filter>Test\Math_Core\Rot</Filter>
    </ClCompile>
    <ClCompile Include="Test\Rot_RotInverseOrient.cpp">
      <Filter>Test\Math_Core\Rot</Filter>
    </ClCompile>
    <ClCompile Include="Test\Rot_RotOrient.cpp">
      <Filter>Test\Math_Core\Rot</Filter>
    </ClCompile>
    <ClCompile Include="Test\Rot_Set_AxisAngle.cpp">
      <Filter>Test\Math_Core\Rot</Filter>
    </ClCompile>
    <ClCompile Include="Test\Rot_Set_InverseOrient.cpp">
      <Filter>Test\Math_Core\Rot</Filter>
    </ClCompile>
    <ClCompile Include="Test\Rot_SET_MatrixRotAxisAngle.cpp">
      <Filter>Test\Math_Core\Rot</Filter>
    </ClCompile>
    <ClCompile Include="Test\Rot_SET_MatrixRotInverseOrient.cpp">
      <Filter>Test\Math_Core\Rot</Filter>
    </ClCompile>
    <ClCompile Include="Test\Rot_SET_MatrixRotOrient.cpp">
      <Filter>Test\Math_Core\Rot</Filter>
    </ClCompile>
    <ClCompile Include="Test\Rot_Set_Orient.cpp">
      <Filter>Test\Math_Core\Rot</Filter>
    </ClCompile>
    <ClCompile Include="Test\Rot_Set_Rot.cpp">
      <Filter>Test\Math_Core\Rot</Filter>
    </ClCompile>
    <ClCompile Include="Test\Rot_Set_UnitAxisAngle.cpp">
      <Filter>Test\Math_Core\Rot</Filter>
    </ClCompile>
    <ClCompile Include="Test\Rot_UnitAxisAngle.cpp">
      <Filter>Test\Math_Core\Rot</Filter>
    </ClCompile>
    <ClCompile Include="Test\Rot_X_Constructor.cpp">
      <Filter>Test\Math_Core\Rot</Filter>
    </ClCompile>
    <ClCompile Include="Test\Rot_X_Set.cpp">
      <Filter>Test\Math_Core\Rot</Filter>
    </ClCompile>
    <ClCompile Include="Test\Rot_XYZ_Constructor.cpp">
      <Filter>Test\Math_Core\Rot</Filter>
    </ClCompile>
    <ClCompile Include="Test\Rot_XYZ_Set.cpp">
      <Filter>Test\Math_Core\Rot</Filter>
    </ClCompile>
    <ClCompile Include="Test\Rot_XZY_Constructor.cpp">
      <Filter>Test\Math_Core\Rot</Filter>
    </ClCompile>
    <ClCompile Include="Test\Rot_XZY_Set.cpp">
      <Filter>Test\Math_Core\Rot</Filter>
    </ClCompile>
    <ClCompile Include="Test\Rot_Y_Constructor.cpp">
      <Filter>Test\Math_Core\Rot</Filter>
    </ClCompile>
    <ClCompile Include="Test\Rot_Y_Set.cpp">
      <Filter>Test\Math_Core\Rot</Filter>
    </ClCompile>
    <ClCompile Include="Test\Rot_YXZ_Constructor.cpp">
      <Filter>Test\Math_Core\Rot</Filter>
    </ClCompile>
    <ClCompile Include="Test\Rot_YXZ_Set.cpp">
      <Filter>Test\Math_Core\Rot</Filter>
    </ClCompile>
    <ClCompile Include="Test\Rot_YZX_Constructor.cpp">
      <Filter>Test\Math_Core\Rot</Filter>
    </ClCompile>
    <ClCompile Include="Test\Rot_YZX_Set.cpp">
      <Filter>Test\Math_Core\Rot</Filter>
    </ClCompile>
    <ClCompile Include="Test\Rot_Z_Constructor.cpp">
      <Filter>Test\Math_Core\Rot</Filter>
    </ClCompile>
    <ClCompile Include="Test\Rot_Z_Set.cpp">
      <Filter>Test\Math_Core\Rot</Filter>
    </ClCompile>
    <ClCompile Include="Test\Rot_ZXY_Constructor.cpp">
      <Filter>Test\Math_Core\Rot</Filter>
    </ClCompile>
    <ClCompile Include="Test\Rot_ZXY_Set.cpp">
      <Filter>Test\Math_Core\Rot</Filter>
    </ClCompile>
    <ClCompile Include="Test\Rot_ZYX_Constructor.cpp">
      <Filter>Test\Math_Core\Rot</Filter>
    </ClCompile>
    <ClCompile Include="Test\Scale_Matrix_Constructor.cpp">
      <Filter>Test\Math_Core\Scale</Filter>
    </ClCompile>
    <ClCompile Include="Test\Scale_Matrix_Constructor_Vect.cpp">
      <Filter>Test\Math_Core\Scale</Filter>
    </ClCompile>
    <ClCompile Include="Test\Scale_Set.cpp">
      <Filter>Test\Math_Core\Scale</Filter>
    </ClCompile>
    <ClCompile Include="Test\Scale_Set_Vect.cpp">
      <Filter>Test\Math_Core\Scale</Filter>
    </ClCompile>
    <ClCompile Include="Test\Trans_Matrix_Constructor.cpp">
      <Filter>Test\Math_Core\Trans</Filter>
    </ClCompile>
    <ClCompile Include="Test\Trans_Matrix_Constructor_Vect.cpp">
      <Filter>Test\Math_Core\Trans</Filter>
    </ClCompile>
    <ClCompile Include="Test\Trans_Set.cpp">
      <Filter>Test\Math_Core\Trans</Filter>
    </ClCompile>
    <ClCompile Include="Test\Trans_Set_Vect.cpp">
      <Filter>Test\Math_Core\Trans</Filter>
    </ClCompile>
    <ClCompile Include="Test\Trig_ACos.cpp">
      <Filter>Test\Math_Core\Trig</Filter>
    </ClCompile>
    <ClCompile Include="Test\Trig_ASin.cpp">
      <Filter>Test\Math_Core\Trig</Filter>
    </ClCompile>
    <ClCompile Include="Test\Trig_ATan.cpp">
      <Filter>Test\Math_Core\Trig</Filter>
    </ClCompile>
    <ClCompile Include="Test\Trig_ATan2.cpp">
      <Filter>Test\Math_Core\Trig</Filter>
    </ClCompile>
    <ClCompile Include="Test\Trig_Cos.cpp">
      <Filter>Test\Math_Core\Trig</Filter>
    </ClCompile>
    <ClCompile Include="Test\Trig_CosSin.cpp">
      <Filter>Test\Math_Core\Trig</Filter>
    </ClCompile>
    <ClCompile Include="Test\Trig_InvSqrt.cpp">
      <Filter>Test\Math_Core\Trig</Filter>
    </ClCompile>
    <ClCompile Include="Test\Trig_Sin.cpp">
      <Filter>Test\Math_Core\Trig</Filter>
    </ClCompile>
    <ClCompile Include="Test\Trig_Sqrt.cpp">
      <Filter>Test\Math_Core\Trig</Filter>
    </ClCompile>
    <ClCompile Include="Test\Trig_Tan.cpp">
      <Filter>Test\Math_Core\Trig</Filter>
    </ClCompile>
    <ClCompile Include="Test\Vec3_Add_Vec3.cpp">
      <Filter>Test\Math_Core\Vec3</Filter>
    </ClCompile>
    <ClCompile Include="Test\Vec3_Assignment_Operator.cpp">
      <Filter>Test\Math_Core\Vec3</Filter>
    </ClCompile>
    <ClCompile Include="Test\Vec3_Assignment_Operator_Vec4.cpp">
      <Filter>Test\Math_Core\Vec3</Filter>
    </ClCompile>
    <ClCompile Include="Test\Vec3_ConstantCheck.cpp">
      <Filter>Test\Math_Core\Vec3</Filter>
    </ClCompile>
    <ClCompile Include="Test\Vec3_Constructor_Copy.cpp">
      <Filter>Test\Math_Core\Vec3</Filter>
    </ClCompile>
    <ClCompile Include="Test\Vec3_Constructor_Default.cpp">
      <Filter>Test\Math_Core\Vec3</Filter>
    </ClCompile>
    <ClCompile Include="Test\Vec3_Constructor_Individual.cpp">
      <Filter>Test\Math_Core\Vec3</Filter>
    </ClCompile>
    <ClCompile Include="Test\Vec3_Constructor_Vec4.cpp">
      <Filter>Test\Math_Core\Vec3</Filter>
    </ClCompile>
    <ClCompile Include="Test\Vec3_Cross.cpp">
      <Filter>Test\Math_Core\Vec3</Filter>
    </ClCompile>
    <ClCompile Include="Test\Vec3_Destructor.cpp">
      <Filter>Test\Math_Core\Vec3</Filter>
    </ClCompile>
    <ClCompile Include="Test\Vec3_Dot.cpp">
      <Filter>Test\Math_Core\Vec3</Filter>
    </ClCompile>
    <ClCompile Include="Test\Vec3_Get_Accessors.cpp">
      <Filter>Test\Math_Core\Vec3</Filter>
    </ClCompile>
    <ClCompile Include="Test\Vec3_Get_Accessors_const.cpp">
      <Filter>Test\Math_Core\Vec3</Filter>
    </ClCompile>
    <ClCompile Include="Test\Vec3_Get_Angle.cpp">
      <Filter>Test\Math_Core\Vec3</Filter>
    </ClCompile>
    <ClCompile Include="Test\Vec3_Get_Brackets.cpp">
      <Filter>Test\Math_Core\Vec3</Filter>
    </ClCompile>
    <ClCompile Include="Test\Vec3_Get_Brackets_const.cpp">
      <Filter>Test\Math_Core\Vec3</Filter>
    </ClCompile>
    <ClCompile Include="Test\Vec3_Get_Normalize.cpp">
      <Filter>Test\Math_Core\Vec3</Filter>
    </ClCompile>
    <ClCompile Include="Test\Vec3_IsEqualFalse.cpp">
      <Filter>Test\Math_Core\Vec3</Filter>
    </ClCompile>
    <ClCompile Include="Test\Vec3_IsEqualFalse_default.cpp">
      <Filter>Test\Math_Core\Vec3</Filter>
    </ClCompile>
    <ClCompile Include="Test\Vec3_IsEqualTrue.cpp">
      <Filter>Test\Math_Core\Vec3</Filter>
    </ClCompile>
    <ClCompile Include="Test\Vec3_IsEqualTrue_default.cpp">
      <Filter>Test\Math_Core\Vec3</Filter>
    </ClCompile>
    <ClCompile Include="Test\Vec3_IsZeroFalse.cpp">
      <Filter>Test\Math_Core\Vec3</Filter>
    </ClCompile>
    <ClCompile Include="Test\Vec3_IsZeroFalse_default.cpp">
      <Filter>Test\Math_Core\Vec3</Filter>
    </ClCompile>
    <ClCompile Include="Test\Vec3_IsZeroTrue_default.cpp">
      <Filter>Test\Math_Core\Vec3</Filter>
    </ClCompile>
    <ClCompile Include="Test\Vec3_IsZeroTrue_True.cpp">
      <Filter>Test\Math_Core\Vec3</Filter>
    </ClCompile>
    <ClCompile Include="Test\Vec3_Len.cpp">
      <Filter>Test\Math_Core\Vec3</Filter>
    </ClCompile>
    <ClCompile Include="Test\Vec3_Mult_Mat3.cpp">
      <Filter>Test\Math_Core\Vec3</Filter>
    </ClCompile>
    <ClCompile Include="Test\Vec3_Mult_Mat4.cpp">
      <Filter>Test\Math_Core\Vec3</Filter>
    </ClCompile>
    <ClCompile Include="Test\Vec3_Mult_Scale.cpp">
      <Filter>Test\Math_Core\Vec3</Filter>
    </ClCompile>
    <ClCompile Include="Test\Vec3_MultEqual_Mat3.cpp">
      <Filter>Test\Math_Core\Vec3</Filter>
    </ClCompile>
    <ClCompile Include="Test\Vec3_MultEqual_Mat4.cpp">
      <Filter>Test\Math_Core\Vec3</Filter>
    </ClCompile>
    <ClCompile Include="Test\Vec3_Normalize.cpp">
      <Filter>Test\Math_Core\Vec3</Filter>
    </ClCompile>
    <ClCompile Include="Test\Vec3_PlusEqual_Vect.cpp">
      <Filter>Test\Math_Core\Vec3</Filter>
    </ClCompile>
    <ClCompile Include="Test\Vec3_Proxy.cpp">
      <Filter>Test\Math_Core\Vec3</Filter>
    </ClCompile>
    <ClCompile Include="Test\Vec3_SampleTest.cpp">
      <Filter>Test\Math_Core\Vec3</Filter>
    </ClCompile>
    <ClCompile Include="Test\Vec3_Scale_Vect.cpp">
      <Filter>Test\Math_Core\Vec3</Filter>
    </ClCompile>
    <ClCompile Include="Test\Vec3_ScaleEquals.cpp">
      <Filter>Test\Math_Core\Vec3</Filter>
    </ClCompile>
    <ClCompile Include="Test\Vec3_Set_3_Elements.cpp">
      <Filter>Test\Math_Core\Vec3</Filter>
    </ClCompile>
    <ClCompile Include="Test\Vec3_Set_Accessors.cpp">
      <Filter>Test\Math_Core\Vec3</Filter>
    </ClCompile>
    <ClCompile Include="Test\Vec3_Set_Accessors_get.cpp">
      <Filter>Test\Math_Core\Vec3</Filter>
    </ClCompile>
    <ClCompile Include="Test\Vec3_Set_Brackets.cpp">
      <Filter>Test\Math_Core\Vec3</Filter>
    </ClCompile>
    <ClCompile Include="Test\Vec3_Set_Brackets_get.cpp">
      <Filter>Test\Math_Core\Vec3</Filter>
    </ClCompile>
    <ClCompile Include="Test\Vec3_Set_Vec3.cpp">
      <Filter>Test\Math_Core\Vec3</Filter>
    </ClCompile>
    <ClCompile Include="Test\Vec3_Set_Vec4.cpp">
      <Filter>Test\Math_Core\Vec3</Filter>
    </ClCompile>
    <ClCompile Include="Test\Vec3_Sub_Vect.cpp">
      <Filter>Test\Math_Core\Vec3</Filter>
    </ClCompile>
    <ClCompile Include="Test\Vec3_SubEqual_Vect.cpp">
      <Filter>Test\Math_Core\Vec3</Filter>
    </ClCompile>
    <ClCompile Include="Test\Vec3_Unary_equal_Minus.cpp">
      <Filter>Test\Math_Core\Vec3</Filter>
    </ClCompile>
    <ClCompile Include="Test\Vec3_Unary_equal_Plus.cpp">
      <Filter>Test\Math_Core\Vec3</Filter>
    </ClCompile>
    <ClCompile Include="Test\Vec3_Unary_Minus.cpp">
      <Filter>Test\Math_Core\Vec3</Filter>
    </ClCompile>
    <ClCompile Include="Test\Vec3_Unary_Plus.cpp">
      <Filter>Test\Math_Core\Vec3</Filter>
    </ClCompile>
    <ClCompile Include="Test\Vec4_Add_Vec4.cpp">
      <Filter>Test\Math_Core\Vec4</Filter>
    </ClCompile>
    <ClCompile Include="Test\Vec4_Assignment_Operator.cpp">
      <Filter>Test\Math_Core\Vec4</Filter>
    </ClCompile>
    <ClCompile Include="Test\Vec4_ConstantCheck.cpp">
      <Filter>Test\Math_Core\Vec4</Filter>
    </ClCompile>
    <ClCompile Include="Test\Vec4_Constructor_Copy.cpp">
      <Filter>Test\Math_Core\Vec4</Filter>
    </ClCompile>
    <ClCompile Include="Test\Vec4_Constructor_Default.cpp">
      <Filter>Test\Math_Core\Vec4</Filter>
    </ClCompile>
    <ClCompile Include="Test\Vec4_Constructor_Individual.cpp">
      <Filter>Test\Math_Core\Vec4</Filter>
    </ClCompile>
    <ClCompile Include="Test\Vec4_Constructor_Vec3.cpp">
      <Filter>Test\Math_Core\Vec4</Filter>
    </ClCompile>
    <ClCompile Include="Test\Vec4_Destructor.cpp">
      <Filter>Test\Math_Core\Vec4</Filter>
    </ClCompile>
    <ClCompile Include="Test\Vec4_Dot.cpp">
      <Filter>Test\Math_Core\Vec4</Filter>
    </ClCompile>
    <ClCompile Include="Test\Vec4_Get_Accessors.cpp">
      <Filter>Test\Math_Core\Vec4</Filter>
    </ClCompile>
    <ClCompile Include="Test\Vec4_Get_Accessors_const.cpp">
      <Filter>Test\Math_Core\Vec4</Filter>
    </ClCompile>
    <ClCompile Include="Test\Vec4_Get_Brackets.cpp">
      <Filter>Test\Math_Core\Vec4</Filter>
    </ClCompile>
    <ClCompile Include="Test\Vec4_Get_Brackets_const.cpp">
      <Filter>Test\Math_Core\Vec4</Filter>
    </ClCompile>
    <ClCompile Include="Test\Vec4_Get_Normalize.cpp">
      <Filter>Test\Math_Core\Vec4</Filter>
    </ClCompile>
    <ClCompile Include="Test\Vec4_IsEqualFalse.cpp">
      <Filter>Test\Math_Core\Vec4</Filter>
    </ClCompile>
    <ClCompile Include="Test\Vec4_IsEqualFalse_default.cpp">
      <Filter>Test\Math_Core\Vec4</Filter>
    </ClCompile>
    <ClCompile Include="Test\Vec4_IsEqualTrue.cpp">
      <Filter>Test\Math_Core\Vec4</Filter>
    </ClCompile>
    <ClCompile Include="Test\Vec4_IsEqualTrue_default.cpp">
      <Filter>Test\Math_Core\Vec4</Filter>
    </ClCompile>
    <ClCompile Include="Test\Vec4_IsZeroFalse.cpp">
      <Filter>Test\Math_Core\Vec4</Filter>
    </ClCompile>
    <ClCompile Include="Test\Vec4_IsZeroFalse_default.cpp">
      <Filter>Test\Math_Core\Vec4</Filter>
    </ClCompile>
    <ClCompile Include="Test\Vec4_IsZeroTrue_default.cpp">
      <Filter>Test\Math_Core\Vec4</Filter>
    </ClCompile>
    <ClCompile Include="Test\Vec4_IsZeroTrue_True.cpp">
      <Filter>Test\Math_Core\Vec4</Filter>
    </ClCompile>
    <ClCompile Include="Test\Vec4_Len.cpp">
      <Filter>Test\Math_Core\Vec4</Filter>
    </ClCompile>
    <ClCompile Include="Test\Vec4_Mult_Mat4.cpp">
      <Filter>Test\Math_Core\Vec4</Filter>
    </ClCompile>
    <ClCompile Include="Test\Vec4_Mult_Scale.cpp">
      <Filter>Test\Math_Core\Vec4</Filter>
    </ClCompile>
    <ClCompile Include="Test\Vec4_MultEqual_Mat4.cpp">
      <Filter>Test\Math_Core\Vec4</Filter>
    </ClCompile>
    <ClCompile Include="Test\Vec4_Normalize.cpp">
      <Filter>Test\Math_Core\Vec4</Filter>
    </ClCompile>
    <ClCompile Include="Test\Vec4_PlusEqual_Vec4.cpp">
      <Filter>Test\Math_Core\Vec4</Filter>
    </ClCompile>
    <ClCompile Include="Test\Vec4_Proxy.cpp">
      <Filter>Test\Math_Core\Vec4</Filter>
    </ClCompile>
    <ClCompile Include="Test\Vec4_SampleTest.cpp">
      <Filter>Test\Math_Core\Vec4</Filter>
    </ClCompile>
    <ClCompile Include="Test\Vec4_Scale_Vec4.cpp">
      <Filter>Test\Math_Core\Vec4</Filter>
    </ClCompile>
    <ClCompile Include="Test\Vec4_ScaleEquals.cpp">
      <Filter>Test\Math_Core\Vec4</Filter>
    </ClCompile>
    <ClCompile Include="Test\Vec4_Set_4_Elements.cpp">
      <Filter>Test\Math_Core\Vec4</Filter>
    </ClCompile>
    <ClCompile Include="Test\Vec4_Set_Accessors.cpp">
      <Filter>Test\Math_Core\Vec4</Filter>
    </ClCompile>
    <ClCompile Include="Test\Vec4_Set_Accessors_Get.cpp">
      <Filter>Test\Math_Core\Vec4</Filter>
    </ClCompile>
    <ClCompile Include="Test\Vec4_Set_Brackets.cpp">
      <Filter>Test\Math_Core\Vec4</Filter>
    </ClCompile>
    <ClCompile Include="Test\Vec4_Set_Brackets_get.cpp">
      <Filter>Test\Math_Core\Vec4</Filter>
    </ClCompile>
    <ClCompile Include="Test\Vec4_Set_Vec3.cpp">
      <Filter>Test\Math_Core\Vec4</Filter>
    </ClCompile>
    <ClCompile Include="Test\Vec4_Set_Vec4.cpp">
      <Filter>Test\Math_Core\Vec4</Filter>
    </ClCompile>
    <ClCompile Include="Test\Vec4_Sub_Vec4.cpp">
      <Filter>Test\Math_Core\Vec4</Filter>
    </ClCompile>
    <ClCompile Include="Test\Vec4_SubEqual_Vec4.cpp">
      <Filter>Test\Math_Core\Vec4</Filter>
    </ClCompile>
    <ClCompile Include="Test\Vec4_Unary_equal_Minus.cpp">
      <Filter>Test\Math_Core\Vec4</Filter>
    </ClCompile>
    <ClCompile Include="Test\Vec4_Unary_equal_Plus.cpp">
      <Filter>Test\Math_Core\Vec4</Filter>
    </ClCompile>
    <ClCompile Include="Test\Vec4_Unary_Minus.cpp">
      <Filter>Test\Math_Core\Vec4</Filter>
    </ClCompile>
    <ClCompile Include="Test\Vec4_Unary_Plus.cpp">
      <Filter>Test\Math_Core\Vec4</Filter>
    </ClCompile>
    <ClCompile Include="Test\VectApp_Lerp.cpp">
      <Filter>Test\Math_App</Filter>
    </ClCompile>
    <ClCompile Include="Test\Mat4_Group.cpp">
      <Filter>Test</Filter>
    </ClCompile>
    <ClCompile Include="Test\Combo_Group.cpp">
      <Filter>Test</Filter>
    </ClCompile>
    <ClCompile Include="Test\Mat3_Group.cpp">
      <Filter>Test</Filter>
    </ClCompile>
    <ClCompile Include="Test\Rot_Group.cpp">
      <Filter>Test</Filter>
    </ClCompile>
    <ClCompile Include="Test\Scale_Group.cpp">
      <Filter>Test</Filter>
    </ClCompile>
    <ClCompile Include="Test\Trans_Group.cpp">
      <Filter>Test</Filter>
    </ClCompile>
    <ClCompile Include="Test\Trig_Group.cpp">
      <Filter>Test</Filter>
    </ClCompile>
    <ClCompile Include="Test\Vec3_Group.cpp">
      <Filter>Test</Filter>
    </ClCompile>
    <ClCompile Include="Test\Vec4_Group.cpp">
      <Filter>Test</Filter>
    </ClCompile>
    <ClCompile Include="Test\Mat4Test.cpp">
      <Filter>src</Filter>
    </ClCompile>
  </ItemGroup>
</Project>